
Microsoft Visual Studio Solution File, Format Version 12.00
# Visual Studio 2013
VisualStudioVersion = 12.0.31101.0
MinimumVisualStudioVersion = 10.0.40219.1
Project("{262852C6-CD72-467D-83FE-5EEB1973A190}") = "winjs-oauth-for-twitter", "winjs-oauth-for-twitter.jsproj", "{4524B226-E449-4EEC-81E6-1A7A8BB44DCC}"
EndProject
Project("{2150E333-8FDC-42A3-9474-1A3956D46DE8}") = "SharedApp", "SharedApp", "{1C002A0C-F136-438F-BCD2-1B4886D13778}"
EndProject
Project("{D954291E-2A0B-460D-934E-DC6B0785DB48}") = "BlankSharedApp1.Shared", "..\BlankSharedApp1\BlankSharedApp1.Shared\BlankSharedApp1.Shared.shproj", "{CDE7CD74-29AA-4992-B926-C26B169876A3}"
EndProject
Project("{262852C6-CD72-467D-83FE-5EEB1973A190}") = "BlankSharedApp1.Windows", "..\BlankSharedApp1\BlankSharedApp1.Windows\BlankSharedApp1.Windows.jsproj", "{D5B5C252-BAE3-434C-8F55-45DFE10E47A8}"
EndProject
Project("{262852C6-CD72-467D-83FE-5EEB1973A190}") = "BlankSharedApp1.WindowsPhone", "..\BlankSharedApp1\BlankSharedApp1.WindowsPhone\BlankSharedApp1.WindowsPhone.jsproj", "{D78ACF67-A1C4-4EAD-8681-7106AA30A651}"
EndProject
Global
	GlobalSection(SharedMSBuildProjectFiles) = preSolution
		..\BlankSharedApp1\BlankSharedApp1.Shared\BlankSharedApp1.Shared.projitems*{d78acf67-a1c4-4ead-8681-7106aa30a651}*SharedItemsImports = 5
		..\BlankSharedApp1\BlankSharedApp1.Shared\BlankSharedApp1.Shared.projitems*{cde7cd74-29aa-4992-b926-c26b169876a3}*SharedItemsImports = 13
		..\BlankSharedApp1\BlankSharedApp1.Shared\BlankSharedApp1.Shared.projitems*{d5b5c252-bae3-434c-8f55-45dfe10e47a8}*SharedItemsImports = 5
	EndGlobalSection
	GlobalSection(SolutionConfigurationPlatforms) = preSolution
		Debug|Any CPU = Debug|Any CPU
		Debug|ARM = Debug|ARM
		Debug|x64 = Debug|x64
		Debug|x86 = Debug|x86
		Release|Any CPU = Release|Any CPU
		Release|ARM = Release|ARM
		Release|x64 = Release|x64
		Release|x86 = Release|x86
	EndGlobalSection
	GlobalSection(ProjectConfigurationPlatforms) = postSolution
		{4524B226-E449-4EEC-81E6-1A7A8BB44DCC}.Debug|Any CPU.ActiveCfg = Debug|Any CPU
		{4524B226-E449-4EEC-81E6-1A7A8BB44DCC}.Debug|Any CPU.Build.0 = Debug|Any CPU
		{4524B226-E449-4EEC-81E6-1A7A8BB44DCC}.Debug|Any CPU.Deploy.0 = Debug|Any CPU
		{4524B226-E449-4EEC-81E6-1A7A8BB44DCC}.Debug|ARM.ActiveCfg = Debug|ARM
		{4524B226-E449-4EEC-81E6-1A7A8BB44DCC}.Debug|ARM.Build.0 = Debug|ARM
		{4524B226-E449-4EEC-81E6-1A7A8BB44DCC}.Debug|ARM.Deploy.0 = Debug|ARM
		{4524B226-E449-4EEC-81E6-1A7A8BB44DCC}.Debug|x64.ActiveCfg = Debug|x64
		{4524B226-E449-4EEC-81E6-1A7A8BB44DCC}.Debug|x64.Build.0 = Debug|x64
		{4524B226-E449-4EEC-81E6-1A7A8BB44DCC}.Debug|x64.Deploy.0 = Debug|x64
		{4524B226-E449-4EEC-81E6-1A7A8BB44DCC}.Debug|x86.ActiveCfg = Debug|x86
		{4524B226-E449-4EEC-81E6-1A7A8BB44DCC}.Debug|x86.Build.0 = Debug|x86
		{4524B226-E449-4EEC-81E6-1A7A8BB44DCC}.Debug|x86.Deploy.0 = Debug|x86
		{4524B226-E449-4EEC-81E6-1A7A8BB44DCC}.Release|Any CPU.ActiveCfg = Release|Any CPU
		{4524B226-E449-4EEC-81E6-1A7A8BB44DCC}.Release|Any CPU.Build.0 = Release|Any CPU
		{4524B226-E449-4EEC-81E6-1A7A8BB44DCC}.Release|Any CPU.Deploy.0 = Release|Any CPU
		{4524B226-E449-4EEC-81E6-1A7A8BB44DCC}.Release|ARM.ActiveCfg = Release|ARM
		{4524B226-E449-4EEC-81E6-1A7A8BB44DCC}.Release|ARM.Build.0 = Release|ARM
		{4524B226-E449-4EEC-81E6-1A7A8BB44DCC}.Release|ARM.Deploy.0 = Release|ARM
		{4524B226-E449-4EEC-81E6-1A7A8BB44DCC}.Release|x64.ActiveCfg = Release|x64
		{4524B226-E449-4EEC-81E6-1A7A8BB44DCC}.Release|x64.Build.0 = Release|x64
		{4524B226-E449-4EEC-81E6-1A7A8BB44DCC}.Release|x64.Deploy.0 = Release|x64
		{4524B226-E449-4EEC-81E6-1A7A8BB44DCC}.Release|x86.ActiveCfg = Release|x86
		{4524B226-E449-4EEC-81E6-1A7A8BB44DCC}.Release|x86.Build.0 = Release|x86
		{4524B226-E449-4EEC-81E6-1A7A8BB44DCC}.Release|x86.Deploy.0 = Release|x86
		{D5B5C252-BAE3-434C-8F55-45DFE10E47A8}.Debug|Any CPU.ActiveCfg = Debug|Any CPU
		{D5B5C252-BAE3-434C-8F55-45DFE10E47A8}.Debug|Any CPU.Build.0 = Debug|Any CPU
		{D5B5C252-BAE3-434C-8F55-45DFE10E47A8}.Debug|Any CPU.Deploy.0 = Debug|Any CPU
		{D5B5C252-BAE3-434C-8F55-45DFE10E47A8}.Debug|ARM.ActiveCfg = Debug|ARM
		{D5B5C252-BAE3-434C-8F55-45DFE10E47A8}.Debug|ARM.Build.0 = Debug|ARM
		{D5B5C252-BAE3-434C-8F55-45DFE10E47A8}.Debug|ARM.Deploy.0 = Debug|ARM
		{D5B5C252-BAE3-434C-8F55-45DFE10E47A8}.Debug|x64.ActiveCfg = Debug|x64
		{D5B5C252-BAE3-434C-8F55-45DFE10E47A8}.Debug|x64.Build.0 = Debug|x64
		{D5B5C252-BAE3-434C-8F55-45DFE10E47A8}.Debug|x64.Deploy.0 = Debug|x64
		{D5B5C252-BAE3-434C-8F55-45DFE10E47A8}.Debug|x86.ActiveCfg = Debug|x86
		{D5B5C252-BAE3-434C-8F55-45DFE10E47A8}.Debug|x86.Build.0 = Debug|x86
		{D5B5C252-BAE3-434C-8F55-45DFE10E47A8}.Debug|x86.Deploy.0 = Debug|x86
		{D5B5C252-BAE3-434C-8F55-45DFE10E47A8}.Release|Any CPU.ActiveCfg = Release|Any CPU
		{D5B5C252-BAE3-434C-8F55-45DFE10E47A8}.Release|Any CPU.Build.0 = Release|Any CPU
		{D5B5C252-BAE3-434C-8F55-45DFE10E47A8}.Release|Any CPU.Deploy.0 = Release|Any CPU
		{D5B5C252-BAE3-434C-8F55-45DFE10E47A8}.Release|ARM.ActiveCfg = Release|ARM
		{D5B5C252-BAE3-434C-8F55-45DFE10E47A8}.Release|ARM.Build.0 = Release|ARM
		{D5B5C252-BAE3-434C-8F55-45DFE10E47A8}.Release|ARM.Deploy.0 = Release|ARM
		{D5B5C252-BAE3-434C-8F55-45DFE10E47A8}.Release|x64.ActiveCfg = Release|x64
		{D5B5C252-BAE3-434C-8F55-45DFE10E47A8}.Release|x64.Build.0 = Release|x64
		{D5B5C252-BAE3-434C-8F55-45DFE10E47A8}.Release|x64.Deploy.0 = Release|x64
		{D5B5C252-BAE3-434C-8F55-45DFE10E47A8}.Release|x86.ActiveCfg = Release|x86
		{D5B5C252-BAE3-434C-8F55-45DFE10E47A8}.Release|x86.Build.0 = Release|x86
		{D5B5C252-BAE3-434C-8F55-45DFE10E47A8}.Release|x86.Deploy.0 = Release|x86
		{D78ACF67-A1C4-4EAD-8681-7106AA30A651}.Debug|Any CPU.ActiveCfg = Debug|Any CPU
		{D78ACF67-A1C4-4EAD-8681-7106AA30A651}.Debug|Any CPU.Build.0 = Debug|Any CPU
		{D78ACF67-A1C4-4EAD-8681-7106AA30A651}.Debug|Any CPU.Deploy.0 = Debug|Any CPU
		{D78ACF67-A1C4-4EAD-8681-7106AA30A651}.Debug|ARM.ActiveCfg = Debug|ARM
		{D78ACF67-A1C4-4EAD-8681-7106AA30A651}.Debug|ARM.Build.0 = Debug|ARM
		{D78ACF67-A1C4-4EAD-8681-7106AA30A651}.Debug|ARM.Deploy.0 = Debug|ARM
		{D78ACF67-A1C4-4EAD-8681-7106AA30A651}.Debug|x64.ActiveCfg = Debug|Any CPU
		{D78ACF67-A1C4-4EAD-8681-7106AA30A651}.Debug|x86.ActiveCfg = Debug|x86
		{D78ACF67-A1C4-4EAD-8681-7106AA30A651}.Debug|x86.Build.0 = Debug|x86
		{D78ACF67-A1C4-4EAD-8681-7106AA30A651}.Debug|x86.Deploy.0 = Debug|x86
		{D78ACF67-A1C4-4EAD-8681-7106AA30A651}.Release|Any CPU.ActiveCfg = Release|Any CPU
		{D78ACF67-A1C4-4EAD-8681-7106AA30A651}.Release|Any CPU.Build.0 = Release|Any CPU
		{D78ACF67-A1C4-4EAD-8681-7106AA30A651}.Release|Any CPU.Deploy.0 = Release|Any CPU
		{D78ACF67-A1C4-4EAD-8681-7106AA30A651}.Release|ARM.ActiveCfg = Release|ARM
		{D78ACF67-A1C4-4EAD-8681-7106AA30A651}.Release|ARM.Build.0 = Release|ARM
		{D78ACF67-A1C4-4EAD-8681-7106AA30A651}.Release|ARM.Deploy.0 = Release|ARM
		{D78ACF67-A1C4-4EAD-8681-7106AA30A651}.Release|x64.ActiveCfg = Release|Any CPU
		{D78ACF67-A1C4-4EAD-8681-7106AA30A651}.Release|x86.ActiveCfg = Release|x86
		{D78ACF67-A1C4-4EAD-8681-7106AA30A651}.Release|x86.Build.0 = Release|x86
		{D78ACF67-A1C4-4EAD-8681-7106AA30A651}.Release|x86.Deploy.0 = Release|x86
	EndGlobalSection
	GlobalSection(SolutionProperties) = preSolution
		HideSolutionNode = FALSE
	EndGlobalSection
	GlobalSection(NestedProjects) = preSolution
		{CDE7CD74-29AA-4992-B926-C26B169876A3} = {1C002A0C-F136-438F-BCD2-1B4886D13778}
		{D5B5C252-BAE3-434C-8F55-45DFE10E47A8} = {1C002A0C-F136-438F-BCD2-1B4886D13778}
		{D78ACF67-A1C4-4EAD-8681-7106AA30A651} = {1C002A0C-F136-438F-BCD2-1B4886D13778}
	EndGlobalSection
EndGlobal
